
Microsoft Visual Studio Solution File, Format Version 12.00
# Visual Studio Version 17
VisualStudioVersion = 17.6.33815.320
MinimumVisualStudioVersion = 10.0.40219.1
Project("{FAE04EC0-301F-11D3-BF4B-00C04F79EFBC}") = "MyApp002", "MyApp002.csproj", "{FE7EA927-89EF-4AAE-8441-28A6CFD21CA0}"
EndProject
Global
	GlobalSection(SolutionConfigurationPlatforms) = preSolution
		Debug|Any CPU = Debug|Any CPU
		Release|Any CPU = Release|Any CPU
	EndGlobalSection
	GlobalSection(ProjectConfigurationPlatforms) = postSolution
		{FE7EA927-89EF-4AAE-8441-28A6CFD21CA0}.Debug|Any CPU.ActiveCfg = Debug|Any CPU
		{FE7EA927-89EF-4AAE-8441-28A6CFD21CA0}.Debug|Any CPU.Build.0 = Debug|Any CPU
		{FE7EA927-89EF-4AAE-8441-28A6CFD21CA0}.Release|Any CPU.ActiveCfg = Release|Any CPU
		{FE7EA927-89EF-4AAE-8441-28A6CFD21CA0}.Release|Any CPU.Build.0 = Release|Any CPU
	EndGlobalSection
	GlobalSection(SolutionProperties) = preSolution
		HideSolutionNode = FALSE
	EndGlobalSection
	GlobalSection(ExtensibilityGlobals) = postSolution
		SolutionGuid = {0DB6DDD5-BF11-4C22-A3F7-FBF62ED07E39}
	EndGlobalSection
EndGlobal
