
Microsoft Visual Studio Solution File, Format Version 12.00
# Visual Studio Version 17
VisualStudioVersion = 17.6.33815.320
MinimumVisualStudioVersion = 10.0.40219.1
Project("{FAE04EC0-301F-11D3-BF4B-00C04F79EFBC}") = "DesignApp01", "DesignApp01.csproj", "{03D4E140-64B6-4CD6-BE7D-0B3785BAD484}"
EndProject
Global
	GlobalSection(SolutionConfigurationPlatforms) = preSolution
		Debug|Any CPU = Debug|Any CPU
		Release|Any CPU = Release|Any CPU
	EndGlobalSection
	GlobalSection(ProjectConfigurationPlatforms) = postSolution
		{03D4E140-64B6-4CD6-BE7D-0B3785BAD484}.Debug|Any CPU.ActiveCfg = Debug|Any CPU
		{03D4E140-64B6-4CD6-BE7D-0B3785BAD484}.Debug|Any CPU.Build.0 = Debug|Any CPU
		{03D4E140-64B6-4CD6-BE7D-0B3785BAD484}.Release|Any CPU.ActiveCfg = Release|Any CPU
		{03D4E140-64B6-4CD6-BE7D-0B3785BAD484}.Release|Any CPU.Build.0 = Release|Any CPU
	EndGlobalSection
	GlobalSection(SolutionProperties) = preSolution
		HideSolutionNode = FALSE
	EndGlobalSection
	GlobalSection(ExtensibilityGlobals) = postSolution
		SolutionGuid = {1E3F007B-F9FE-4D04-8BDE-42A57F65CFFC}
	EndGlobalSection
EndGlobal
