
Microsoft Visual Studio Solution File, Format Version 12.00
# Visual Studio Version 17
VisualStudioVersion = 17.6.33815.320
MinimumVisualStudioVersion = 10.0.40219.1
Project("{FAE04EC0-301F-11D3-BF4B-00C04F79EFBC}") = "QuizApp001", "QuizApp001.csproj", "{DB558200-0560-43A7-9308-B582978A8F52}"
EndProject
Global
	GlobalSection(SolutionConfigurationPlatforms) = preSolution
		Debug|Any CPU = Debug|Any CPU
		Release|Any CPU = Release|Any CPU
	EndGlobalSection
	GlobalSection(ProjectConfigurationPlatforms) = postSolution
		{DB558200-0560-43A7-9308-B582978A8F52}.Debug|Any CPU.ActiveCfg = Debug|Any CPU
		{DB558200-0560-43A7-9308-B582978A8F52}.Debug|Any CPU.Build.0 = Debug|Any CPU
		{DB558200-0560-43A7-9308-B582978A8F52}.Release|Any CPU.ActiveCfg = Release|Any CPU
		{DB558200-0560-43A7-9308-B582978A8F52}.Release|Any CPU.Build.0 = Release|Any CPU
	EndGlobalSection
	GlobalSection(SolutionProperties) = preSolution
		HideSolutionNode = FALSE
	EndGlobalSection
	GlobalSection(ExtensibilityGlobals) = postSolution
		SolutionGuid = {CC12F196-CD01-4B1D-8DC3-3DD408386C22}
	EndGlobalSection
EndGlobal
